
Microsoft Visual Studio Solution File, Format Version 12.00
# Visual Studio Version 17
VisualStudioVersion = 17.5.33530.505
MinimumVisualStudioVersion = 10.0.40219.1
Project("{FAE04EC0-301F-11D3-BF4B-00C04F79EFBC}") = "thc", "thc\thc.csproj", "{34E7CD59-C3BF-4025-85D4-4048C45DC056}"
EndProject
Global
	GlobalSection(SolutionConfigurationPlatforms) = preSolution
		Debug|Any CPU = Debug|Any CPU
		Release|Any CPU = Release|Any CPU
	EndGlobalSection
	GlobalSection(ProjectConfigurationPlatforms) = postSolution
		{34E7CD59-C3BF-4025-85D4-4048C45DC056}.Debug|Any CPU.ActiveCfg = Debug|Any CPU
		{34E7CD59-C3BF-4025-85D4-4048C45DC056}.Debug|Any CPU.Build.0 = Debug|Any CPU
		{34E7CD59-C3BF-4025-85D4-4048C45DC056}.Release|Any CPU.ActiveCfg = Release|Any CPU
		{34E7CD59-C3BF-4025-85D4-4048C45DC056}.Release|Any CPU.Build.0 = Release|Any CPU
	EndGlobalSection
	GlobalSection(SolutionProperties) = preSolution
		HideSolutionNode = FALSE
	EndGlobalSection
	GlobalSection(ExtensibilityGlobals) = postSolution
		SolutionGuid = {10D7B871-7FE7-46B1-9413-696743A47790}
	EndGlobalSection
EndGlobal
